
Microsoft Visual Studio Solution File, Format Version 12.00
# Visual Studio Version 17
VisualStudioVersion = 17.0.31903.59
MinimumVisualStudioVersion = 10.0.40219.1
Project("{FAE04EC0-301F-11D3-BF4B-00C04F79EFBC}") = "PhanChiThong_DataAccess", "PhanChiThong_DataAccess\PhanChiThong_DataAccess.csproj", "{92CA1689-9FD8-4F81-B99A-6B8D237F7656}"
EndProject
Project("{FAE04EC0-301F-11D3-BF4B-00C04F79EFBC}") = "PhanChiThong_BusinessLogic", "PhanChiThong_BusinessLogic\PhanChiThong_BusinessLogic.csproj", "{670AAB26-BB78-40E9-A0DB-92AE2C28788D}"
EndProject
Project("{FAE04EC0-301F-11D3-BF4B-00C04F79EFBC}") = "PhanChiThongRazorPages", "PhanChiThongRazorPages\PhanChiThongRazorPages.csproj", "{3CBEE473-5CAE-4FA3-8BCC-1B05F316AEA5}"
EndProject
Global
	GlobalSection(SolutionConfigurationPlatforms) = preSolution
		Debug|Any CPU = Debug|Any CPU
		Debug|x64 = Debug|x64
		Debug|x86 = Debug|x86
		Release|Any CPU = Release|Any CPU
		Release|x64 = Release|x64
		Release|x86 = Release|x86
	EndGlobalSection
	GlobalSection(ProjectConfigurationPlatforms) = postSolution
		{92CA1689-9FD8-4F81-B99A-6B8D237F7656}.Debug|Any CPU.ActiveCfg = Debug|Any CPU
		{92CA1689-9FD8-4F81-B99A-6B8D237F7656}.Debug|Any CPU.Build.0 = Debug|Any CPU
		{92CA1689-9FD8-4F81-B99A-6B8D237F7656}.Debug|x64.ActiveCfg = Debug|Any CPU
		{92CA1689-9FD8-4F81-B99A-6B8D237F7656}.Debug|x64.Build.0 = Debug|Any CPU
		{92CA1689-9FD8-4F81-B99A-6B8D237F7656}.Debug|x86.ActiveCfg = Debug|Any CPU
		{92CA1689-9FD8-4F81-B99A-6B8D237F7656}.Debug|x86.Build.0 = Debug|Any CPU
		{92CA1689-9FD8-4F81-B99A-6B8D237F7656}.Release|Any CPU.ActiveCfg = Release|Any CPU
		{92CA1689-9FD8-4F81-B99A-6B8D237F7656}.Release|Any CPU.Build.0 = Release|Any CPU
		{92CA1689-9FD8-4F81-B99A-6B8D237F7656}.Release|x64.ActiveCfg = Release|Any CPU
		{92CA1689-9FD8-4F81-B99A-6B8D237F7656}.Release|x64.Build.0 = Release|Any CPU
		{92CA1689-9FD8-4F81-B99A-6B8D237F7656}.Release|x86.ActiveCfg = Release|Any CPU
		{92CA1689-9FD8-4F81-B99A-6B8D237F7656}.Release|x86.Build.0 = Release|Any CPU
		{670AAB26-BB78-40E9-A0DB-92AE2C28788D}.Debug|Any CPU.ActiveCfg = Debug|Any CPU
		{670AAB26-BB78-40E9-A0DB-92AE2C28788D}.Debug|Any CPU.Build.0 = Debug|Any CPU
		{670AAB26-BB78-40E9-A0DB-92AE2C28788D}.Debug|x64.ActiveCfg = Debug|Any CPU
		{670AAB26-BB78-40E9-A0DB-92AE2C28788D}.Debug|x64.Build.0 = Debug|Any CPU
		{670AAB26-BB78-40E9-A0DB-92AE2C28788D}.Debug|x86.ActiveCfg = Debug|Any CPU
		{670AAB26-BB78-40E9-A0DB-92AE2C28788D}.Debug|x86.Build.0 = Debug|Any CPU
		{670AAB26-BB78-40E9-A0DB-92AE2C28788D}.Release|Any CPU.ActiveCfg = Release|Any CPU
		{670AAB26-BB78-40E9-A0DB-92AE2C28788D}.Release|Any CPU.Build.0 = Release|Any CPU
		{670AAB26-BB78-40E9-A0DB-92AE2C28788D}.Release|x64.ActiveCfg = Release|Any CPU
		{670AAB26-BB78-40E9-A0DB-92AE2C28788D}.Release|x64.Build.0 = Release|Any CPU
		{670AAB26-BB78-40E9-A0DB-92AE2C28788D}.Release|x86.ActiveCfg = Release|Any CPU
		{670AAB26-BB78-40E9-A0DB-92AE2C28788D}.Release|x86.Build.0 = Release|Any CPU
		{3CBEE473-5CAE-4FA3-8BCC-1B05F316AEA5}.Debug|Any CPU.ActiveCfg = Debug|Any CPU
		{3CBEE473-5CAE-4FA3-8BCC-1B05F316AEA5}.Debug|Any CPU.Build.0 = Debug|Any CPU
		{3CBEE473-5CAE-4FA3-8BCC-1B05F316AEA5}.Debug|x64.ActiveCfg = Debug|Any CPU
		{3CBEE473-5CAE-4FA3-8BCC-1B05F316AEA5}.Debug|x64.Build.0 = Debug|Any CPU
		{3CBEE473-5CAE-4FA3-8BCC-1B05F316AEA5}.Debug|x86.ActiveCfg = Debug|Any CPU
		{3CBEE473-5CAE-4FA3-8BCC-1B05F316AEA5}.Debug|x86.Build.0 = Debug|Any CPU
		{3CBEE473-5CAE-4FA3-8BCC-1B05F316AEA5}.Release|Any CPU.ActiveCfg = Release|Any CPU
		{3CBEE473-5CAE-4FA3-8BCC-1B05F316AEA5}.Release|Any CPU.Build.0 = Release|Any CPU
		{3CBEE473-5CAE-4FA3-8BCC-1B05F316AEA5}.Release|x64.ActiveCfg = Release|Any CPU
		{3CBEE473-5CAE-4FA3-8BCC-1B05F316AEA5}.Release|x64.Build.0 = Release|Any CPU
		{3CBEE473-5CAE-4FA3-8BCC-1B05F316AEA5}.Release|x86.ActiveCfg = Release|Any CPU
		{3CBEE473-5CAE-4FA3-8BCC-1B05F316AEA5}.Release|x86.Build.0 = Release|Any CPU
	EndGlobalSection
	GlobalSection(SolutionProperties) = preSolution
		HideSolutionNode = FALSE
	EndGlobalSection
EndGlobal
